PODS:
  - AFNetworking (4.0.1):
    - AFNetworking/NSURLSession (= 4.0.1)
    - AFNetworking/Reachability (= 4.0.1)
    - AFNetworking/Security (= 4.0.1)
    - AFNetworking/Serialization (= 4.0.1)
    - AFNetworking/UIKit (= 4.0.1)
  - AFNetworking/NSURLSession (4.0.1):
    - AFNetworking/Reachability
    - AFNetworking/Security
    - AFNetworking/Serialization
  - AFNetworking/Reachability (4.0.1)
  - AFNetworking/Security (4.0.1)
  - AFNetworking/Serialization (4.0.1)
  - AFNetworking/UIKit (4.0.1):
    - AFNetworking/NSURLSession
  - Connectivity (5.3.1)
  - Differentiator (5.0.0)
  - RxCocoa (6.2.0):
    - RxRelay (= 6.2.0)
    - RxSwift (= 6.2.0)
  - RxDataSources (5.0.0):
    - Differentiator (~> 5.0)
    - RxCocoa (~> 6.0)
    - RxSwift (~> 6.0)
  - RxRelay (6.2.0):
    - RxSwift (= 6.2.0)
  - RxSwift (6.2.0)
  - SharedWebCredentials (1.0.1)

DEPENDENCIES:
  - AFNetworking (~> 4.0)
  - Connectivity
  - RxCocoa
  - RxDataSources
  - RxSwift (= 6.2.0)
  - SharedWebCredentials (from `https://github.com/ostapvisualise/SharedWebCredentials.git`)

SPEC REPOS:
  trunk:
    - AFNetworking
    - Connectivity
    - Differentiator
    - RxCocoa
    - RxDataSources
    - RxRelay
    - RxSwift

EXTERNAL SOURCES:
  SharedWebCredentials:
    :git: https://github.com/ostapvisualise/SharedWebCredentials.git

CHECKOUT OPTIONS:
  SharedWebCredentials:
    :commit: e1770284617d163919882bb6848db9dd79c3dcfc
    :git: https://github.com/ostapvisualise/SharedWebCredentials.git

SPEC CHECKSUMS:
  AFNetworking: 3bd23d814e976cd148d7d44c3ab78017b744cd58
  Connectivity: 14a4d92f56496ed38ca3d90c0b59638b5a7e3d49
  Differentiator: e8497ceab83c1b10ca233716d547b9af21b9344d
  RxCocoa: 4baf94bb35f2c0ab31bc0cb9f1900155f646ba42
  RxDataSources: aa47cc1ed6c500fa0dfecac5c979b723542d79cf
  RxRelay: e72dbfd157807478401ef1982e1c61c945c94b2f
  RxSwift: d356ab7bee873611322f134c5f9ef379fa183d8f
  SharedWebCredentials: a75dbb1c1597776bfbee264937156b268351ff5f

PODFILE CHECKSUM: 8a8f1f4798ac82751a07b7deaa30b88ba7cafe26

COCOAPODS: 1.11.2
